
Microsoft Visual Studio Solution File, Format Version 12.00
# Visual Studio Version 17
VisualStudioVersion = 17.14.36915.13 d17.14
MinimumVisualStudioVersion = 10.0.40219.1
Project("{FAE04EC0-301F-11D3-BF4B-00C04F79EFBC}") = "OfisServisSistemi", "OfisServisSistemi.csproj", "{AE96626E-DA39-4D43-A231-D6E9046DCD60}"
EndProject
Global
	GlobalSection(SolutionConfigurationPlatforms) = preSolution
		Debug|Any CPU = Debug|Any CPU
		Release|Any CPU = Release|Any CPU
	EndGlobalSection
	GlobalSection(ProjectConfigurationPlatforms) = postSolution
		{AE96626E-DA39-4D43-A231-D6E9046DCD60}.Debug|Any CPU.ActiveCfg = Debug|Any CPU
		{AE96626E-DA39-4D43-A231-D6E9046DCD60}.Debug|Any CPU.Build.0 = Debug|Any CPU
		{AE96626E-DA39-4D43-A231-D6E9046DCD60}.Release|Any CPU.ActiveCfg = Release|Any CPU
		{AE96626E-DA39-4D43-A231-D6E9046DCD60}.Release|Any CPU.Build.0 = Release|Any CPU
	EndGlobalSection
	GlobalSection(SolutionProperties) = preSolution
		HideSolutionNode = FALSE
	EndGlobalSection
	GlobalSection(ExtensibilityGlobals) = postSolution
		SolutionGuid = {F2158D43-FD6F-46D1-B669-F669942F848C}
	EndGlobalSection
EndGlobal
